
Microsoft Visual Studio Solution File, Format Version 12.00
# Visual Studio Version 17
VisualStudioVersion = 17.6.33815.320
MinimumVisualStudioVersion = 10.0.40219.1
Project("{9A19103F-16F7-4668-BE54-9A1E7A4F7556}") = "TestsGeneratorLab", "TestsGeneratorLab.csproj", "{89E65AC6-539A-49BA-934F-D9269EBEF386}"
EndProject
Project("{9A19103F-16F7-4668-BE54-9A1E7A4F7556}") = "TestsGeneratorTests", "..\TestsGeneratorTests\TestsGeneratorTests.csproj", "{5A51AF71-EC04-4426-ABED-952DE6181A4D}"
EndProject
Project("{FAE04EC0-301F-11D3-BF4B-00C04F79EFBC}") = "TestGeneratorLib", "..\TestGeneratorLib\TestGeneratorLib.csproj", "{5443FFB6-BD1B-46EA-8B63-E427FA9D19B5}"
EndProject
Global
	GlobalSection(SolutionConfigurationPlatforms) = preSolution
		Debug|Any CPU = Debug|Any CPU
		Release|Any CPU = Release|Any CPU
	EndGlobalSection
	GlobalSection(ProjectConfigurationPlatforms) = postSolution
		{89E65AC6-539A-49BA-934F-D9269EBEF386}.Debug|Any CPU.ActiveCfg = Debug|Any CPU
		{89E65AC6-539A-49BA-934F-D9269EBEF386}.Debug|Any CPU.Build.0 = Debug|Any CPU
		{89E65AC6-539A-49BA-934F-D9269EBEF386}.Release|Any CPU.ActiveCfg = Release|Any CPU
		{89E65AC6-539A-49BA-934F-D9269EBEF386}.Release|Any CPU.Build.0 = Release|Any CPU
		{5A51AF71-EC04-4426-ABED-952DE6181A4D}.Debug|Any CPU.ActiveCfg = Debug|Any CPU
		{5A51AF71-EC04-4426-ABED-952DE6181A4D}.Debug|Any CPU.Build.0 = Debug|Any CPU
		{5A51AF71-EC04-4426-ABED-952DE6181A4D}.Release|Any CPU.ActiveCfg = Release|Any CPU
		{5A51AF71-EC04-4426-ABED-952DE6181A4D}.Release|Any CPU.Build.0 = Release|Any CPU
		{5443FFB6-BD1B-46EA-8B63-E427FA9D19B5}.Debug|Any CPU.ActiveCfg = Debug|Any CPU
		{5443FFB6-BD1B-46EA-8B63-E427FA9D19B5}.Debug|Any CPU.Build.0 = Debug|Any CPU
		{5443FFB6-BD1B-46EA-8B63-E427FA9D19B5}.Release|Any CPU.ActiveCfg = Release|Any CPU
		{5443FFB6-BD1B-46EA-8B63-E427FA9D19B5}.Release|Any CPU.Build.0 = Release|Any CPU
	EndGlobalSection
	GlobalSection(SolutionProperties) = preSolution
		HideSolutionNode = FALSE
	EndGlobalSection
	GlobalSection(ExtensibilityGlobals) = postSolution
		SolutionGuid = {C4B2FB45-6830-4606-A098-F8DB1C2889BC}
	EndGlobalSection
EndGlobal
